{
  "version": 4,
  "terraform_version": "1.3.6",
  "serial": 71,
  "lineage": "7a46a452-100b-8c2d-dfbb-a91a4a9854cf",
  "outputs": {},
  "resources": [
    {
      "mode": "data",
      "type": "azurerm_image",
      "name": "image",
      "provider": "provider[\"registry.terraform.io/hashicorp/azurerm\"]",
      "instances": [
        {
          "schema_version": 0,
          "attributes": {
            "data_disk": [],
            "id": "/subscriptions/246c6ed1-ec54-4be8-81fc-1e5c45aa22d7/resourceGroups/rg-udacity-webserver/providers/Microsoft.Compute/images/ubuntu1804PackerImage",
            "location": "eastus",
            "name": "ubuntu1804PackerImage",
            "name_regex": null,
            "os_disk": [
              {
                "blob_uri": "",
                "caching": "ReadWrite",
                "managed_disk_id": "/subscriptions/246c6ed1-ec54-4be8-81fc-1e5c45aa22d7/resourceGroups/rg-udacity-webserver/providers/Microsoft.Compute/disks/pkrosj2lxm7sehi",
                "os_state": "Generalized",
                "os_type": "Linux",
                "size_gb": 30
              }
            ],
            "resource_group_name": "rg-udacity-webserver",
            "sort_descending": false,
            "tags": {
              "project": "udacity-web-server"
            },
            "timeouts": null,
            "zone_resilient": false
          },
          "sensitive_attributes": []
        }
      ]
    },
    {
      "mode": "data",
      "type": "azurerm_resource_group",
      "name": "rg",
      "provider": "provider[\"registry.terraform.io/hashicorp/azurerm\"]",
      "instances": [
        {
          "schema_version": 0,
          "attributes": {
            "id": "/subscriptions/246c6ed1-ec54-4be8-81fc-1e5c45aa22d7/resourceGroups/rg-udacity-webserver",
            "location": "eastus",
            "name": "rg-udacity-webserver",
            "tags": {},
            "timeouts": null
          },
          "sensitive_attributes": []
        }
      ]
    },
    {
      "mode": "managed",
      "type": "azurerm_availability_set",
      "name": "avail_set",
      "provider": "provider[\"registry.terraform.io/hashicorp/azurerm\"]",
      "instances": [
        {
          "schema_version": 0,
          "attributes": {
            "id": "/subscriptions/246c6ed1-ec54-4be8-81fc-1e5c45aa22d7/resourceGroups/rg-udacity-webserver/providers/Microsoft.Compute/availabilitySets/udacity-web-server-avail-set",
            "location": "eastus",
            "managed": true,
            "name": "udacity-web-server-avail-set",
            "platform_fault_domain_count": 3,
            "platform_update_domain_count": 5,
            "proximity_placement_group_id": null,
            "resource_group_name": "rg-udacity-webserver",
            "tags": {
              "project": "udacity-web-server"
            },
            "timeouts": null
          },
          "sensitive_attributes": [],
          "private": "eyJlMmJmYjczMC1lY2FhLTExZTYtOGY4OC0zNDM2M2JjN2M0YzAiOnsiY3JlYXRlIjoxODAwMDAwMDAwMDAwLCJkZWxldGUiOjE4MDAwMDAwMDAwMDAsInJlYWQiOjMwMDAwMDAwMDAwMCwidXBkYXRlIjoxODAwMDAwMDAwMDAwfX0=",
          "dependencies": [
            "data.azurerm_resource_group.rg"
          ]
        }
      ]
    },
    {
      "mode": "managed",
      "type": "azurerm_lb",
      "name": "lb",
      "provider": "provider[\"registry.terraform.io/hashicorp/azurerm\"]",
      "instances": [
        {
          "schema_version": 0,
          "attributes": {
            "edge_zone": "",
            "frontend_ip_configuration": [
              {
                "gateway_load_balancer_frontend_ip_configuration_id": "",
                "id": "/subscriptions/246c6ed1-ec54-4be8-81fc-1e5c45aa22d7/resourceGroups/rg-udacity-webserver/providers/Microsoft.Network/loadBalancers/udacity-web-server-lb/frontendIPConfigurations/udacity-web-server-lb-fip",
                "inbound_nat_rules": [],
                "load_balancer_rules": [],
                "name": "udacity-web-server-lb-fip",
                "outbound_rules": [],
                "private_ip_address": "",
                "private_ip_address_allocation": "Dynamic",
                "private_ip_address_version": "",
                "public_ip_address_id": "/subscriptions/246c6ed1-ec54-4be8-81fc-1e5c45aa22d7/resourceGroups/rg-udacity-webserver/providers/Microsoft.Network/publicIPAddresses/udacity-web-server-pip-lb",
                "public_ip_prefix_id": "",
                "subnet_id": "",
                "zones": null
              }
            ],
            "id": "/subscriptions/246c6ed1-ec54-4be8-81fc-1e5c45aa22d7/resourceGroups/rg-udacity-webserver/providers/Microsoft.Network/loadBalancers/udacity-web-server-lb",
            "location": "eastus",
            "name": "udacity-web-server-lb",
            "private_ip_address": "",
            "private_ip_addresses": [],
            "resource_group_name": "rg-udacity-webserver",
            "sku": "Basic",
            "sku_tier": "Regional",
            "tags": {
              "project": "udacity-web-server"
            },
            "timeouts": null
          },
          "sensitive_attributes": [],
          "private": "eyJlMmJmYjczMC1lY2FhLTExZTYtOGY4OC0zNDM2M2JjN2M0YzAiOnsiY3JlYXRlIjoxODAwMDAwMDAwMDAwLCJkZWxldGUiOjE4MDAwMDAwMDAwMDAsInJlYWQiOjMwMDAwMDAwMDAwMCwidXBkYXRlIjoxODAwMDAwMDAwMDAwfX0=",
          "dependencies": [
            "azurerm_public_ip.publicip_lb",
            "data.azurerm_resource_group.rg"
          ]
        }
      ]
    },
    {
      "mode": "managed",
      "type": "azurerm_lb_backend_address_pool",
      "name": "lb_backend",
      "provider": "provider[\"registry.terraform.io/hashicorp/azurerm\"]",
      "instances": [
        {
          "schema_version": 0,
          "attributes": {
            "backend_ip_configurations": [],
            "id": "/subscriptions/246c6ed1-ec54-4be8-81fc-1e5c45aa22d7/resourceGroups/rg-udacity-webserver/providers/Microsoft.Network/loadBalancers/udacity-web-server-lb/backendAddressPools/udacity-web-server-lb-backend",
            "inbound_nat_rules": [],
            "load_balancing_rules": [],
            "loadbalancer_id": "/subscriptions/246c6ed1-ec54-4be8-81fc-1e5c45aa22d7/resourceGroups/rg-udacity-webserver/providers/Microsoft.Network/loadBalancers/udacity-web-server-lb",
            "name": "udacity-web-server-lb-backend",
            "outbound_rules": [],
            "timeouts": null,
            "tunnel_interface": []
          },
          "sensitive_attributes": [],
          "private": "eyJlMmJmYjczMC1lY2FhLTExZTYtOGY4OC0zNDM2M2JjN2M0YzAiOnsiY3JlYXRlIjoxODAwMDAwMDAwMDAwLCJkZWxldGUiOjE4MDAwMDAwMDAwMDAsInJlYWQiOjMwMDAwMDAwMDAwMCwidXBkYXRlIjoxODAwMDAwMDAwMDAwfX0=",
          "dependencies": [
            "azurerm_lb.lb",
            "azurerm_public_ip.publicip_lb",
            "data.azurerm_resource_group.rg"
          ]
        }
      ]
    },
    {
      "mode": "managed",
      "type": "azurerm_lb_nat_rule",
      "name": "lb_rule_http",
      "provider": "provider[\"registry.terraform.io/hashicorp/azurerm\"]",
      "instances": [
        {
          "index_key": 0,
          "schema_version": 0,
          "attributes": {
            "backend_address_pool_id": null,
            "backend_ip_configuration_id": "",
            "backend_port": 80,
            "enable_floating_ip": false,
            "enable_tcp_reset": false,
            "frontend_ip_configuration_id": "/subscriptions/246c6ed1-ec54-4be8-81fc-1e5c45aa22d7/resourceGroups/rg-udacity-webserver/providers/Microsoft.Network/loadBalancers/udacity-web-server-lb/frontendIPConfigurations/udacity-web-server-lb-fip",
            "frontend_ip_configuration_name": "udacity-web-server-lb-fip",
            "frontend_port": 800,
            "frontend_port_end": null,
            "frontend_port_start": null,
            "id": "/subscriptions/246c6ed1-ec54-4be8-81fc-1e5c45aa22d7/resourceGroups/rg-udacity-webserver/providers/Microsoft.Network/loadBalancers/udacity-web-server-lb/inboundNatRules/udacity-web-server-lb-rule-http-0",
            "idle_timeout_in_minutes": 4,
            "loadbalancer_id": "/subscriptions/246c6ed1-ec54-4be8-81fc-1e5c45aa22d7/resourceGroups/rg-udacity-webserver/providers/Microsoft.Network/loadBalancers/udacity-web-server-lb",
            "name": "udacity-web-server-lb-rule-http-0",
            "protocol": "Tcp",
            "resource_group_name": "rg-udacity-webserver",
            "timeouts": null
          },
          "sensitive_attributes": [],
          "private": "eyJlMmJmYjczMC1lY2FhLTExZTYtOGY4OC0zNDM2M2JjN2M0YzAiOnsiY3JlYXRlIjoxODAwMDAwMDAwMDAwLCJkZWxldGUiOjE4MDAwMDAwMDAwMDAsInJlYWQiOjMwMDAwMDAwMDAwMCwidXBkYXRlIjoxODAwMDAwMDAwMDAwfX0=",
          "dependencies": [
            "azurerm_lb.lb",
            "azurerm_public_ip.publicip_lb",
            "data.azurerm_resource_group.rg"
          ]
        },
        {
          "index_key": 1,
          "schema_version": 0,
          "attributes": {
            "backend_address_pool_id": null,
            "backend_ip_configuration_id": "",
            "backend_port": 80,
            "enable_floating_ip": false,
            "enable_tcp_reset": false,
            "frontend_ip_configuration_id": "/subscriptions/246c6ed1-ec54-4be8-81fc-1e5c45aa22d7/resourceGroups/rg-udacity-webserver/providers/Microsoft.Network/loadBalancers/udacity-web-server-lb/frontendIPConfigurations/udacity-web-server-lb-fip",
            "frontend_ip_configuration_name": "udacity-web-server-lb-fip",
            "frontend_port": 801,
            "frontend_port_end": null,
            "frontend_port_start": null,
            "id": "/subscriptions/246c6ed1-ec54-4be8-81fc-1e5c45aa22d7/resourceGroups/rg-udacity-webserver/providers/Microsoft.Network/loadBalancers/udacity-web-server-lb/inboundNatRules/udacity-web-server-lb-rule-http-1",
            "idle_timeout_in_minutes": 4,
            "loadbalancer_id": "/subscriptions/246c6ed1-ec54-4be8-81fc-1e5c45aa22d7/resourceGroups/rg-udacity-webserver/providers/Microsoft.Network/loadBalancers/udacity-web-server-lb",
            "name": "udacity-web-server-lb-rule-http-1",
            "protocol": "Tcp",
            "resource_group_name": "rg-udacity-webserver",
            "timeouts": null
          },
          "sensitive_attributes": [],
          "private": "eyJlMmJmYjczMC1lY2FhLTExZTYtOGY4OC0zNDM2M2JjN2M0YzAiOnsiY3JlYXRlIjoxODAwMDAwMDAwMDAwLCJkZWxldGUiOjE4MDAwMDAwMDAwMDAsInJlYWQiOjMwMDAwMDAwMDAwMCwidXBkYXRlIjoxODAwMDAwMDAwMDAwfX0=",
          "dependencies": [
            "azurerm_lb.lb",
            "azurerm_public_ip.publicip_lb",
            "data.azurerm_resource_group.rg"
          ]
        }
      ]
    },
    {
      "mode": "managed",
      "type": "azurerm_lb_probe",
      "name": "lb_probe_http",
      "provider": "provider[\"registry.terraform.io/hashicorp/azurerm\"]",
      "instances": [
        {
          "schema_version": 0,
          "attributes": {
            "id": "/subscriptions/246c6ed1-ec54-4be8-81fc-1e5c45aa22d7/resourceGroups/rg-udacity-webserver/providers/Microsoft.Network/loadBalancers/udacity-web-server-lb/probes/udacity-web-server-lb-probe-http",
            "interval_in_seconds": 15,
            "load_balancer_rules": [],
            "loadbalancer_id": "/subscriptions/246c6ed1-ec54-4be8-81fc-1e5c45aa22d7/resourceGroups/rg-udacity-webserver/providers/Microsoft.Network/loadBalancers/udacity-web-server-lb",
            "name": "udacity-web-server-lb-probe-http",
            "number_of_probes": 2,
            "port": 80,
            "probe_threshold": 1,
            "protocol": "Http",
            "request_path": "/",
            "timeouts": null
          },
          "sensitive_attributes": [],
          "private": "eyJlMmJmYjczMC1lY2FhLTExZTYtOGY4OC0zNDM2M2JjN2M0YzAiOnsiY3JlYXRlIjoxODAwMDAwMDAwMDAwLCJkZWxldGUiOjE4MDAwMDAwMDAwMDAsInJlYWQiOjMwMDAwMDAwMDAwMCwidXBkYXRlIjoxODAwMDAwMDAwMDAwfX0=",
          "dependencies": [
            "azurerm_lb.lb",
            "azurerm_public_ip.publicip_lb",
            "data.azurerm_resource_group.rg"
          ]
        }
      ]
    },
    {
      "mode": "managed",
      "type": "azurerm_linux_virtual_machine",
      "name": "vm",
      "provider": "provider[\"registry.terraform.io/hashicorp/azurerm\"]",
      "instances": [
        {
          "index_key": 0,
          "schema_version": 0,
          "attributes": {
            "additional_capabilities": [],
            "admin_password": "Hellouvm2023",
            "admin_ssh_key": [],
            "admin_username": "udacityvm",
            "allow_extension_operations": true,
            "availability_set_id": "/subscriptions/246c6ed1-ec54-4be8-81fc-1e5c45aa22d7/resourceGroups/rg-udacity-webserver/providers/Microsoft.Compute/availabilitySets/UDACITY-WEB-SERVER-AVAIL-SET",
            "boot_diagnostics": [],
            "capacity_reservation_group_id": "",
            "computer_name": "udacityvm",
            "custom_data": null,
            "dedicated_host_group_id": "",
            "dedicated_host_id": "",
            "disable_password_authentication": false,
            "edge_zone": "",
            "encryption_at_host_enabled": false,
            "eviction_policy": "",
            "extensions_time_budget": "PT1H30M",
            "gallery_application": [],
            "id": "/subscriptions/246c6ed1-ec54-4be8-81fc-1e5c45aa22d7/resourceGroups/rg-udacity-webserver/providers/Microsoft.Compute/virtualMachines/udacity-web-server-vm-0",
            "identity": [],
            "license_type": "",
            "location": "eastus",
            "max_bid_price": -1,
            "name": "udacity-web-server-vm-0",
            "network_interface_ids": [
              "/subscriptions/246c6ed1-ec54-4be8-81fc-1e5c45aa22d7/resourceGroups/rg-udacity-webserver/providers/Microsoft.Network/networkInterfaces/udacity-web-server-nic-0"
            ],
            "os_disk": [
              {
                "caching": "ReadWrite",
                "diff_disk_settings": [],
                "disk_encryption_set_id": "",
                "disk_size_gb": 30,
                "name": "udacity-web-server-osdisk-0",
                "secure_vm_disk_encryption_set_id": "",
                "security_encryption_type": "",
                "storage_account_type": "Standard_LRS",
                "write_accelerator_enabled": false
              }
            ],
            "patch_assessment_mode": "ImageDefault",
            "patch_mode": "ImageDefault",
            "plan": [],
            "platform_fault_domain": -1,
            "priority": "Regular",
            "private_ip_address": "10.0.1.5",
            "private_ip_addresses": [
              "10.0.1.5"
            ],
            "provision_vm_agent": true,
            "proximity_placement_group_id": "",
            "public_ip_address": "",
            "public_ip_addresses": [],
            "resource_group_name": "rg-udacity-webserver",
            "secret": [],
            "secure_boot_enabled": false,
            "size": "Standard_D2s_v3",
            "source_image_id": "/subscriptions/246c6ed1-ec54-4be8-81fc-1e5c45aa22d7/resourceGroups/rg-udacity-webserver/providers/Microsoft.Compute/images/ubuntu1804PackerImage",
            "source_image_reference": [],
            "tags": {
              "project": "udacity-web-server"
            },
            "termination_notification": null,
            "timeouts": null,
            "user_data": "",
            "virtual_machine_id": "ea46c826-a072-4b49-8fc4-6ad3e4ed0da8",
            "virtual_machine_scale_set_id": "",
            "vtpm_enabled": false,
            "zone": ""
          },
          "sensitive_attributes": [],
          "private": "eyJlMmJmYjczMC1lY2FhLTExZTYtOGY4OC0zNDM2M2JjN2M0YzAiOnsiY3JlYXRlIjoyNzAwMDAwMDAwMDAwLCJkZWxldGUiOjI3MDAwMDAwMDAwMDAsInJlYWQiOjMwMDAwMDAwMDAwMCwidXBkYXRlIjoyNzAwMDAwMDAwMDAwfX0=",
          "dependencies": [
            "azurerm_availability_set.avail_set",
            "azurerm_network_interface.nic",
            "azurerm_subnet.vn_subnet",
            "azurerm_virtual_network.vn",
            "data.azurerm_image.image",
            "data.azurerm_resource_group.rg"
          ]
        },
        {
          "index_key": 1,
          "schema_version": 0,
          "attributes": {
            "additional_capabilities": [],
            "admin_password": "Hellouvm2023",
            "admin_ssh_key": [],
            "admin_username": "udacityvm",
            "allow_extension_operations": true,
            "availability_set_id": "/subscriptions/246c6ed1-ec54-4be8-81fc-1e5c45aa22d7/resourceGroups/rg-udacity-webserver/providers/Microsoft.Compute/availabilitySets/UDACITY-WEB-SERVER-AVAIL-SET",
            "boot_diagnostics": [],
            "capacity_reservation_group_id": "",
            "computer_name": "udacityvm",
            "custom_data": null,
            "dedicated_host_group_id": "",
            "dedicated_host_id": "",
            "disable_password_authentication": false,
            "edge_zone": "",
            "encryption_at_host_enabled": false,
            "eviction_policy": "",
            "extensions_time_budget": "PT1H30M",
            "gallery_application": [],
            "id": "/subscriptions/246c6ed1-ec54-4be8-81fc-1e5c45aa22d7/resourceGroups/rg-udacity-webserver/providers/Microsoft.Compute/virtualMachines/udacity-web-server-vm-1",
            "identity": [],
            "license_type": "",
            "location": "eastus",
            "max_bid_price": -1,
            "name": "udacity-web-server-vm-1",
            "network_interface_ids": [
              "/subscriptions/246c6ed1-ec54-4be8-81fc-1e5c45aa22d7/resourceGroups/rg-udacity-webserver/providers/Microsoft.Network/networkInterfaces/udacity-web-server-nic-1"
            ],
            "os_disk": [
              {
                "caching": "ReadWrite",
                "diff_disk_settings": [],
                "disk_encryption_set_id": "",
                "disk_size_gb": 30,
                "name": "udacity-web-server-osdisk-1",
                "secure_vm_disk_encryption_set_id": "",
                "security_encryption_type": "",
                "storage_account_type": "Standard_LRS",
                "write_accelerator_enabled": false
              }
            ],
            "patch_assessment_mode": "ImageDefault",
            "patch_mode": "ImageDefault",
            "plan": [],
            "platform_fault_domain": -1,
            "priority": "Regular",
            "private_ip_address": "10.0.1.4",
            "private_ip_addresses": [
              "10.0.1.4"
            ],
            "provision_vm_agent": true,
            "proximity_placement_group_id": "",
            "public_ip_address": "",
            "public_ip_addresses": [],
            "resource_group_name": "rg-udacity-webserver",
            "secret": [],
            "secure_boot_enabled": false,
            "size": "Standard_D2s_v3",
            "source_image_id": "/subscriptions/246c6ed1-ec54-4be8-81fc-1e5c45aa22d7/resourceGroups/rg-udacity-webserver/providers/Microsoft.Compute/images/ubuntu1804PackerImage",
            "source_image_reference": [],
            "tags": {
              "project": "udacity-web-server"
            },
            "termination_notification": null,
            "timeouts": null,
            "user_data": "",
            "virtual_machine_id": "ece11f7c-6818-4c5f-9121-bf64f4cebdf1",
            "virtual_machine_scale_set_id": "",
            "vtpm_enabled": false,
            "zone": ""
          },
          "sensitive_attributes": [],
          "private": "eyJlMmJmYjczMC1lY2FhLTExZTYtOGY4OC0zNDM2M2JjN2M0YzAiOnsiY3JlYXRlIjoyNzAwMDAwMDAwMDAwLCJkZWxldGUiOjI3MDAwMDAwMDAwMDAsInJlYWQiOjMwMDAwMDAwMDAwMCwidXBkYXRlIjoyNzAwMDAwMDAwMDAwfX0=",
          "dependencies": [
            "azurerm_availability_set.avail_set",
            "azurerm_network_interface.nic",
            "azurerm_subnet.vn_subnet",
            "azurerm_virtual_network.vn",
            "data.azurerm_image.image",
            "data.azurerm_resource_group.rg"
          ]
        }
      ]
    },
    {
      "mode": "managed",
      "type": "azurerm_managed_disk",
      "name": "managed_disk",
      "provider": "provider[\"registry.terraform.io/hashicorp/azurerm\"]",
      "instances": [
        {
          "index_key": 0,
          "schema_version": 1,
          "attributes": {
            "create_option": "Empty",
            "disk_access_id": "",
            "disk_encryption_set_id": "",
            "disk_iops_read_only": 0,
            "disk_iops_read_write": 500,
            "disk_mbps_read_only": 0,
            "disk_mbps_read_write": 60,
            "disk_size_gb": 1,
            "edge_zone": "",
            "encryption_settings": [],
            "gallery_image_reference_id": "",
            "hyper_v_generation": "",
            "id": "/subscriptions/246c6ed1-ec54-4be8-81fc-1e5c45aa22d7/resourceGroups/rg-udacity-webserver/providers/Microsoft.Compute/disks/udacity-web-server-disk-0",
            "image_reference_id": "",
            "location": "eastus",
            "logical_sector_size": null,
            "max_shares": 0,
            "name": "udacity-web-server-disk-0",
            "network_access_policy": null,
            "on_demand_bursting_enabled": false,
            "os_type": "",
            "public_network_access_enabled": true,
            "resource_group_name": "rg-udacity-webserver",
            "secure_vm_disk_encryption_set_id": "",
            "security_type": "",
            "source_resource_id": "",
            "source_uri": "",
            "storage_account_id": "",
            "storage_account_type": "Standard_LRS",
            "tags": {
              "project": "udacity-web-server"
            },
            "tier": "",
            "timeouts": null,
            "trusted_launch_enabled": false,
            "upload_size_bytes": 0,
            "zone": ""
          },
          "sensitive_attributes": [],
          "private": "eyJlMmJmYjczMC1lY2FhLTExZTYtOGY4OC0zNDM2M2JjN2M0YzAiOnsiY3JlYXRlIjoxODAwMDAwMDAwMDAwLCJkZWxldGUiOjE4MDAwMDAwMDAwMDAsInJlYWQiOjMwMDAwMDAwMDAwMCwidXBkYXRlIjoxODAwMDAwMDAwMDAwfSwic2NoZW1hX3ZlcnNpb24iOiIxIn0=",
          "dependencies": [
            "data.azurerm_resource_group.rg"
          ]
        },
        {
          "index_key": 1,
          "schema_version": 1,
          "attributes": {
            "create_option": "Empty",
            "disk_access_id": "",
            "disk_encryption_set_id": "",
            "disk_iops_read_only": 0,
            "disk_iops_read_write": 500,
            "disk_mbps_read_only": 0,
            "disk_mbps_read_write": 60,
            "disk_size_gb": 1,
            "edge_zone": "",
            "encryption_settings": [],
            "gallery_image_reference_id": "",
            "hyper_v_generation": "",
            "id": "/subscriptions/246c6ed1-ec54-4be8-81fc-1e5c45aa22d7/resourceGroups/rg-udacity-webserver/providers/Microsoft.Compute/disks/udacity-web-server-disk-1",
            "image_reference_id": "",
            "location": "eastus",
            "logical_sector_size": null,
            "max_shares": 0,
            "name": "udacity-web-server-disk-1",
            "network_access_policy": null,
            "on_demand_bursting_enabled": false,
            "os_type": "",
            "public_network_access_enabled": true,
            "resource_group_name": "rg-udacity-webserver",
            "secure_vm_disk_encryption_set_id": "",
            "security_type": "",
            "source_resource_id": "",
            "source_uri": "",
            "storage_account_id": "",
            "storage_account_type": "Standard_LRS",
            "tags": {
              "project": "udacity-web-server"
            },
            "tier": "",
            "timeouts": null,
            "trusted_launch_enabled": false,
            "upload_size_bytes": 0,
            "zone": ""
          },
          "sensitive_attributes": [],
          "private": "eyJlMmJmYjczMC1lY2FhLTExZTYtOGY4OC0zNDM2M2JjN2M0YzAiOnsiY3JlYXRlIjoxODAwMDAwMDAwMDAwLCJkZWxldGUiOjE4MDAwMDAwMDAwMDAsInJlYWQiOjMwMDAwMDAwMDAwMCwidXBkYXRlIjoxODAwMDAwMDAwMDAwfSwic2NoZW1hX3ZlcnNpb24iOiIxIn0=",
          "dependencies": [
            "data.azurerm_resource_group.rg"
          ]
        }
      ]
    },
    {
      "mode": "managed",
      "type": "azurerm_network_interface",
      "name": "nic",
      "provider": "provider[\"registry.terraform.io/hashicorp/azurerm\"]",
      "instances": [
        {
          "index_key": 0,
          "schema_version": 0,
          "attributes": {
            "applied_dns_servers": [],
            "dns_servers": [],
            "edge_zone": "",
            "enable_accelerated_networking": false,
            "enable_ip_forwarding": false,
            "id": "/subscriptions/246c6ed1-ec54-4be8-81fc-1e5c45aa22d7/resourceGroups/rg-udacity-webserver/providers/Microsoft.Network/networkInterfaces/udacity-web-server-nic-0",
            "internal_dns_name_label": "",
            "internal_domain_name_suffix": "rjyryu10riqu5mbffakevuo2lh.bx.internal.cloudapp.net",
            "ip_configuration": [
              {
                "gateway_load_balancer_frontend_ip_configuration_id": "",
                "name": "udacity-web-server-subnet-0",
                "primary": true,
                "private_ip_address": "10.0.1.5",
                "private_ip_address_allocation": "Dynamic",
                "private_ip_address_version": "IPv4",
                "public_ip_address_id": "",
                "subnet_id": "/subscriptions/246c6ed1-ec54-4be8-81fc-1e5c45aa22d7/resourceGroups/rg-udacity-webserver/providers/Microsoft.Network/virtualNetworks/udacity-web-server-network/subnets/udacity-web-server-subnet"
              }
            ],
            "location": "eastus",
            "mac_address": "",
            "name": "udacity-web-server-nic-0",
            "private_ip_address": "10.0.1.5",
            "private_ip_addresses": [
              "10.0.1.5"
            ],
            "resource_group_name": "rg-udacity-webserver",
            "tags": {
              "project": "udacity-web-server"
            },
            "timeouts": null,
            "virtual_machine_id": ""
          },
          "sensitive_attributes": [],
          "private": "eyJlMmJmYjczMC1lY2FhLTExZTYtOGY4OC0zNDM2M2JjN2M0YzAiOnsiY3JlYXRlIjoxODAwMDAwMDAwMDAwLCJkZWxldGUiOjE4MDAwMDAwMDAwMDAsInJlYWQiOjMwMDAwMDAwMDAwMCwidXBkYXRlIjoxODAwMDAwMDAwMDAwfX0=",
          "dependencies": [
            "azurerm_subnet.vn_subnet",
            "azurerm_virtual_network.vn",
            "data.azurerm_resource_group.rg"
          ]
        },
        {
          "index_key": 1,
          "schema_version": 0,
          "attributes": {
            "applied_dns_servers": [],
            "dns_servers": [],
            "edge_zone": "",
            "enable_accelerated_networking": false,
            "enable_ip_forwarding": false,
            "id": "/subscriptions/246c6ed1-ec54-4be8-81fc-1e5c45aa22d7/resourceGroups/rg-udacity-webserver/providers/Microsoft.Network/networkInterfaces/udacity-web-server-nic-1",
            "internal_dns_name_label": "",
            "internal_domain_name_suffix": "rjyryu10riqu5mbffakevuo2lh.bx.internal.cloudapp.net",
            "ip_configuration": [
              {
                "gateway_load_balancer_frontend_ip_configuration_id": "",
                "name": "udacity-web-server-subnet-1",
                "primary": true,
                "private_ip_address": "10.0.1.4",
                "private_ip_address_allocation": "Dynamic",
                "private_ip_address_version": "IPv4",
                "public_ip_address_id": "",
                "subnet_id": "/subscriptions/246c6ed1-ec54-4be8-81fc-1e5c45aa22d7/resourceGroups/rg-udacity-webserver/providers/Microsoft.Network/virtualNetworks/udacity-web-server-network/subnets/udacity-web-server-subnet"
              }
            ],
            "location": "eastus",
            "mac_address": "",
            "name": "udacity-web-server-nic-1",
            "private_ip_address": "10.0.1.4",
            "private_ip_addresses": [
              "10.0.1.4"
            ],
            "resource_group_name": "rg-udacity-webserver",
            "tags": {
              "project": "udacity-web-server"
            },
            "timeouts": null,
            "virtual_machine_id": ""
          },
          "sensitive_attributes": [],
          "private": "eyJlMmJmYjczMC1lY2FhLTExZTYtOGY4OC0zNDM2M2JjN2M0YzAiOnsiY3JlYXRlIjoxODAwMDAwMDAwMDAwLCJkZWxldGUiOjE4MDAwMDAwMDAwMDAsInJlYWQiOjMwMDAwMDAwMDAwMCwidXBkYXRlIjoxODAwMDAwMDAwMDAwfX0=",
          "dependencies": [
            "azurerm_subnet.vn_subnet",
            "azurerm_virtual_network.vn",
            "data.azurerm_resource_group.rg"
          ]
        }
      ]
    },
    {
      "mode": "managed",
      "type": "azurerm_network_interface_backend_address_pool_association",
      "name": "nic_lb_assoc",
      "provider": "provider[\"registry.terraform.io/hashicorp/azurerm\"]",
      "instances": [
        {
          "index_key": 0,
          "schema_version": 0,
          "attributes": {
            "backend_address_pool_id": "/subscriptions/246c6ed1-ec54-4be8-81fc-1e5c45aa22d7/resourceGroups/rg-udacity-webserver/providers/Microsoft.Network/loadBalancers/udacity-web-server-lb/backendAddressPools/udacity-web-server-lb-backend",
            "id": "/subscriptions/246c6ed1-ec54-4be8-81fc-1e5c45aa22d7/resourceGroups/rg-udacity-webserver/providers/Microsoft.Network/networkInterfaces/udacity-web-server-nic-0/ipConfigurations/udacity-web-server-subnet-0|/subscriptions/246c6ed1-ec54-4be8-81fc-1e5c45aa22d7/resourceGroups/rg-udacity-webserver/providers/Microsoft.Network/loadBalancers/udacity-web-server-lb/backendAddressPools/udacity-web-server-lb-backend",
            "ip_configuration_name": "udacity-web-server-subnet-0",
            "network_interface_id": "/subscriptions/246c6ed1-ec54-4be8-81fc-1e5c45aa22d7/resourceGroups/rg-udacity-webserver/providers/Microsoft.Network/networkInterfaces/udacity-web-server-nic-0",
            "timeouts": null
          },
          "sensitive_attributes": [],
          "private": "eyJlMmJmYjczMC1lY2FhLTExZTYtOGY4OC0zNDM2M2JjN2M0YzAiOnsiY3JlYXRlIjoxODAwMDAwMDAwMDAwLCJkZWxldGUiOjE4MDAwMDAwMDAwMDAsInJlYWQiOjMwMDAwMDAwMDAwMCwidXBkYXRlIjoxODAwMDAwMDAwMDAwfX0=",
          "dependencies": [
            "azurerm_lb.lb",
            "azurerm_lb_backend_address_pool.lb_backend",
            "azurerm_network_interface.nic",
            "azurerm_public_ip.publicip_lb",
            "azurerm_subnet.vn_subnet",
            "azurerm_virtual_network.vn",
            "data.azurerm_resource_group.rg"
          ]
        },
        {
          "index_key": 1,
          "schema_version": 0,
          "attributes": {
            "backend_address_pool_id": "/subscriptions/246c6ed1-ec54-4be8-81fc-1e5c45aa22d7/resourceGroups/rg-udacity-webserver/providers/Microsoft.Network/loadBalancers/udacity-web-server-lb/backendAddressPools/udacity-web-server-lb-backend",
            "id": "/subscriptions/246c6ed1-ec54-4be8-81fc-1e5c45aa22d7/resourceGroups/rg-udacity-webserver/providers/Microsoft.Network/networkInterfaces/udacity-web-server-nic-1/ipConfigurations/udacity-web-server-subnet-1|/subscriptions/246c6ed1-ec54-4be8-81fc-1e5c45aa22d7/resourceGroups/rg-udacity-webserver/providers/Microsoft.Network/loadBalancers/udacity-web-server-lb/backendAddressPools/udacity-web-server-lb-backend",
            "ip_configuration_name": "udacity-web-server-subnet-1",
            "network_interface_id": "/subscriptions/246c6ed1-ec54-4be8-81fc-1e5c45aa22d7/resourceGroups/rg-udacity-webserver/providers/Microsoft.Network/networkInterfaces/udacity-web-server-nic-1",
            "timeouts": null
          },
          "sensitive_attributes": [],
          "private": "eyJlMmJmYjczMC1lY2FhLTExZTYtOGY4OC0zNDM2M2JjN2M0YzAiOnsiY3JlYXRlIjoxODAwMDAwMDAwMDAwLCJkZWxldGUiOjE4MDAwMDAwMDAwMDAsInJlYWQiOjMwMDAwMDAwMDAwMCwidXBkYXRlIjoxODAwMDAwMDAwMDAwfX0=",
          "dependencies": [
            "azurerm_lb.lb",
            "azurerm_lb_backend_address_pool.lb_backend",
            "azurerm_network_interface.nic",
            "azurerm_public_ip.publicip_lb",
            "azurerm_subnet.vn_subnet",
            "azurerm_virtual_network.vn",
            "data.azurerm_resource_group.rg"
          ]
        }
      ]
    },
    {
      "mode": "managed",
      "type": "azurerm_network_interface_nat_rule_association",
      "name": "nic_lb_http",
      "provider": "provider[\"registry.terraform.io/hashicorp/azurerm\"]",
      "instances": [
        {
          "index_key": 0,
          "schema_version": 0,
          "attributes": {
            "id": "/subscriptions/246c6ed1-ec54-4be8-81fc-1e5c45aa22d7/resourceGroups/rg-udacity-webserver/providers/Microsoft.Network/networkInterfaces/udacity-web-server-nic-0/ipConfigurations/udacity-web-server-subnet-0|/subscriptions/246c6ed1-ec54-4be8-81fc-1e5c45aa22d7/resourceGroups/rg-udacity-webserver/providers/Microsoft.Network/loadBalancers/udacity-web-server-lb/inboundNatRules/udacity-web-server-lb-rule-http-0",
            "ip_configuration_name": "udacity-web-server-subnet-0",
            "nat_rule_id": "/subscriptions/246c6ed1-ec54-4be8-81fc-1e5c45aa22d7/resourceGroups/rg-udacity-webserver/providers/Microsoft.Network/loadBalancers/udacity-web-server-lb/inboundNatRules/udacity-web-server-lb-rule-http-0",
            "network_interface_id": "/subscriptions/246c6ed1-ec54-4be8-81fc-1e5c45aa22d7/resourceGroups/rg-udacity-webserver/providers/Microsoft.Network/networkInterfaces/udacity-web-server-nic-0",
            "timeouts": null
          },
          "sensitive_attributes": [],
          "private": "eyJlMmJmYjczMC1lY2FhLTExZTYtOGY4OC0zNDM2M2JjN2M0YzAiOnsiY3JlYXRlIjoxODAwMDAwMDAwMDAwLCJkZWxldGUiOjE4MDAwMDAwMDAwMDAsInJlYWQiOjMwMDAwMDAwMDAwMCwidXBkYXRlIjoxODAwMDAwMDAwMDAwfX0=",
          "dependencies": [
            "azurerm_lb.lb",
            "azurerm_lb_nat_rule.lb_rule_http",
            "azurerm_network_interface.nic",
            "azurerm_public_ip.publicip_lb",
            "azurerm_subnet.vn_subnet",
            "azurerm_virtual_network.vn",
            "data.azurerm_resource_group.rg"
          ]
        },
        {
          "index_key": 1,
          "schema_version": 0,
          "attributes": {
            "id": "/subscriptions/246c6ed1-ec54-4be8-81fc-1e5c45aa22d7/resourceGroups/rg-udacity-webserver/providers/Microsoft.Network/networkInterfaces/udacity-web-server-nic-1/ipConfigurations/udacity-web-server-subnet-1|/subscriptions/246c6ed1-ec54-4be8-81fc-1e5c45aa22d7/resourceGroups/rg-udacity-webserver/providers/Microsoft.Network/loadBalancers/udacity-web-server-lb/inboundNatRules/udacity-web-server-lb-rule-http-1",
            "ip_configuration_name": "udacity-web-server-subnet-1",
            "nat_rule_id": "/subscriptions/246c6ed1-ec54-4be8-81fc-1e5c45aa22d7/resourceGroups/rg-udacity-webserver/providers/Microsoft.Network/loadBalancers/udacity-web-server-lb/inboundNatRules/udacity-web-server-lb-rule-http-1",
            "network_interface_id": "/subscriptions/246c6ed1-ec54-4be8-81fc-1e5c45aa22d7/resourceGroups/rg-udacity-webserver/providers/Microsoft.Network/networkInterfaces/udacity-web-server-nic-1",
            "timeouts": null
          },
          "sensitive_attributes": [],
          "private": "eyJlMmJmYjczMC1lY2FhLTExZTYtOGY4OC0zNDM2M2JjN2M0YzAiOnsiY3JlYXRlIjoxODAwMDAwMDAwMDAwLCJkZWxldGUiOjE4MDAwMDAwMDAwMDAsInJlYWQiOjMwMDAwMDAwMDAwMCwidXBkYXRlIjoxODAwMDAwMDAwMDAwfX0=",
          "dependencies": [
            "azurerm_lb.lb",
            "azurerm_lb_nat_rule.lb_rule_http",
            "azurerm_network_interface.nic",
            "azurerm_public_ip.publicip_lb",
            "azurerm_subnet.vn_subnet",
            "azurerm_virtual_network.vn",
            "data.azurerm_resource_group.rg"
          ]
        }
      ]
    },
    {
      "mode": "managed",
      "type": "azurerm_network_interface_security_group_association",
      "name": "nic_nsg_assoc",
      "provider": "provider[\"registry.terraform.io/hashicorp/azurerm\"]",
      "instances": []
    },
    {
      "mode": "managed",
      "type": "azurerm_public_ip",
      "name": "publicip_lb",
      "provider": "provider[\"registry.terraform.io/hashicorp/azurerm\"]",
      "instances": [
        {
          "schema_version": 0,
          "attributes": {
            "allocation_method": "Static",
            "ddos_protection_mode": "VirtualNetworkInherited",
            "ddos_protection_plan_id": null,
            "domain_name_label": null,
            "edge_zone": "",
            "fqdn": null,
            "id": "/subscriptions/246c6ed1-ec54-4be8-81fc-1e5c45aa22d7/resourceGroups/rg-udacity-webserver/providers/Microsoft.Network/publicIPAddresses/udacity-web-server-pip-lb",
            "idle_timeout_in_minutes": 4,
            "ip_address": "20.121.194.54",
            "ip_tags": null,
            "ip_version": "IPv4",
            "location": "eastus",
            "name": "udacity-web-server-pip-lb",
            "public_ip_prefix_id": null,
            "resource_group_name": "rg-udacity-webserver",
            "reverse_fqdn": null,
            "sku": "Basic",
            "sku_tier": "Regional",
            "tags": {
              "project": "udacity-web-server"
            },
            "timeouts": null,
            "zones": null
          },
          "sensitive_attributes": [],
          "private": "eyJlMmJmYjczMC1lY2FhLTExZTYtOGY4OC0zNDM2M2JjN2M0YzAiOnsiY3JlYXRlIjoxODAwMDAwMDAwMDAwLCJkZWxldGUiOjE4MDAwMDAwMDAwMDAsInJlYWQiOjMwMDAwMDAwMDAwMCwidXBkYXRlIjoxODAwMDAwMDAwMDAwfX0=",
          "dependencies": [
            "data.azurerm_resource_group.rg"
          ]
        }
      ]
    },
    {
      "mode": "managed",
      "type": "azurerm_subnet",
      "name": "vn_subnet",
      "provider": "provider[\"registry.terraform.io/hashicorp/azurerm\"]",
      "instances": [
        {
          "schema_version": 0,
          "attributes": {
            "address_prefixes": [
              "10.0.1.0/24"
            ],
            "delegation": [],
            "enforce_private_link_endpoint_network_policies": false,
            "enforce_private_link_service_network_policies": false,
            "id": "/subscriptions/246c6ed1-ec54-4be8-81fc-1e5c45aa22d7/resourceGroups/rg-udacity-webserver/providers/Microsoft.Network/virtualNetworks/udacity-web-server-network/subnets/udacity-web-server-subnet",
            "name": "udacity-web-server-subnet",
            "private_endpoint_network_policies_enabled": true,
            "private_link_service_network_policies_enabled": true,
            "resource_group_name": "rg-udacity-webserver",
            "service_endpoint_policy_ids": null,
            "service_endpoints": null,
            "timeouts": null,
            "virtual_network_name": "udacity-web-server-network"
          },
          "sensitive_attributes": [],
          "private": "eyJlMmJmYjczMC1lY2FhLTExZTYtOGY4OC0zNDM2M2JjN2M0YzAiOnsiY3JlYXRlIjoxODAwMDAwMDAwMDAwLCJkZWxldGUiOjE4MDAwMDAwMDAwMDAsInJlYWQiOjMwMDAwMDAwMDAwMCwidXBkYXRlIjoxODAwMDAwMDAwMDAwfX0=",
          "dependencies": [
            "azurerm_virtual_network.vn",
            "data.azurerm_resource_group.rg"
          ]
        }
      ]
    },
    {
      "mode": "managed",
      "type": "azurerm_subnet_network_security_group_association",
      "name": "subnet_nsg_assoc",
      "provider": "provider[\"registry.terraform.io/hashicorp/azurerm\"]",
      "instances": []
    },
    {
      "mode": "managed",
      "type": "azurerm_virtual_machine_data_disk_attachment",
      "name": "managed_disk_attach",
      "provider": "provider[\"registry.terraform.io/hashicorp/azurerm\"]",
      "instances": [
        {
          "index_key": 0,
          "schema_version": 0,
          "attributes": {
            "caching": "ReadWrite",
            "create_option": "Attach",
            "id": "/subscriptions/246c6ed1-ec54-4be8-81fc-1e5c45aa22d7/resourceGroups/rg-udacity-webserver/providers/Microsoft.Compute/virtualMachines/udacity-web-server-vm-0/dataDisks/udacity-web-server-disk-0",
            "lun": 10,
            "managed_disk_id": "/subscriptions/246c6ed1-ec54-4be8-81fc-1e5c45aa22d7/resourceGroups/rg-udacity-webserver/providers/Microsoft.Compute/disks/udacity-web-server-disk-0",
            "timeouts": null,
            "virtual_machine_id": "/subscriptions/246c6ed1-ec54-4be8-81fc-1e5c45aa22d7/resourceGroups/rg-udacity-webserver/providers/Microsoft.Compute/virtualMachines/udacity-web-server-vm-0",
            "write_accelerator_enabled": false
          },
          "sensitive_attributes": [],
          "private": "eyJlMmJmYjczMC1lY2FhLTExZTYtOGY4OC0zNDM2M2JjN2M0YzAiOnsiY3JlYXRlIjoxODAwMDAwMDAwMDAwLCJkZWxldGUiOjE4MDAwMDAwMDAwMDAsInJlYWQiOjMwMDAwMDAwMDAwMCwidXBkYXRlIjoxODAwMDAwMDAwMDAwfX0=",
          "dependencies": [
            "azurerm_availability_set.avail_set",
            "azurerm_linux_virtual_machine.vm",
            "azurerm_managed_disk.managed_disk",
            "azurerm_network_interface.nic",
            "azurerm_subnet.vn_subnet",
            "azurerm_virtual_network.vn",
            "data.azurerm_image.image",
            "data.azurerm_resource_group.rg"
          ]
        },
        {
          "index_key": 1,
          "schema_version": 0,
          "attributes": {
            "caching": "ReadWrite",
            "create_option": "Attach",
            "id": "/subscriptions/246c6ed1-ec54-4be8-81fc-1e5c45aa22d7/resourceGroups/rg-udacity-webserver/providers/Microsoft.Compute/virtualMachines/udacity-web-server-vm-1/dataDisks/udacity-web-server-disk-1",
            "lun": 11,
            "managed_disk_id": "/subscriptions/246c6ed1-ec54-4be8-81fc-1e5c45aa22d7/resourceGroups/rg-udacity-webserver/providers/Microsoft.Compute/disks/udacity-web-server-disk-1",
            "timeouts": null,
            "virtual_machine_id": "/subscriptions/246c6ed1-ec54-4be8-81fc-1e5c45aa22d7/resourceGroups/rg-udacity-webserver/providers/Microsoft.Compute/virtualMachines/udacity-web-server-vm-1",
            "write_accelerator_enabled": false
          },
          "sensitive_attributes": [],
          "private": "eyJlMmJmYjczMC1lY2FhLTExZTYtOGY4OC0zNDM2M2JjN2M0YzAiOnsiY3JlYXRlIjoxODAwMDAwMDAwMDAwLCJkZWxldGUiOjE4MDAwMDAwMDAwMDAsInJlYWQiOjMwMDAwMDAwMDAwMCwidXBkYXRlIjoxODAwMDAwMDAwMDAwfX0=",
          "dependencies": [
            "azurerm_availability_set.avail_set",
            "azurerm_linux_virtual_machine.vm",
            "azurerm_managed_disk.managed_disk",
            "azurerm_network_interface.nic",
            "azurerm_subnet.vn_subnet",
            "azurerm_virtual_network.vn",
            "data.azurerm_image.image",
            "data.azurerm_resource_group.rg"
          ]
        }
      ]
    },
    {
      "mode": "managed",
      "type": "azurerm_virtual_network",
      "name": "vn",
      "provider": "provider[\"registry.terraform.io/hashicorp/azurerm\"]",
      "instances": [
        {
          "schema_version": 0,
          "attributes": {
            "address_space": [
              "10.0.0.0/16"
            ],
            "bgp_community": "",
            "ddos_protection_plan": [],
            "dns_servers": [],
            "edge_zone": "",
            "flow_timeout_in_minutes": 0,
            "guid": "531c718a-8a7a-4f21-b025-28144ad1dc5f",
            "id": "/subscriptions/246c6ed1-ec54-4be8-81fc-1e5c45aa22d7/resourceGroups/rg-udacity-webserver/providers/Microsoft.Network/virtualNetworks/udacity-web-server-network",
            "location": "eastus",
            "name": "udacity-web-server-network",
            "resource_group_name": "rg-udacity-webserver",
            "subnet": [],
            "tags": {
              "project": "udacity-web-server"
            },
            "timeouts": null
          },
          "sensitive_attributes": [],
          "private": "eyJlMmJmYjczMC1lY2FhLTExZTYtOGY4OC0zNDM2M2JjN2M0YzAiOnsiY3JlYXRlIjoxODAwMDAwMDAwMDAwLCJkZWxldGUiOjE4MDAwMDAwMDAwMDAsInJlYWQiOjMwMDAwMDAwMDAwMCwidXBkYXRlIjoxODAwMDAwMDAwMDAwfX0=",
          "dependencies": [
            "data.azurerm_resource_group.rg"
          ]
        }
      ]
    }
  ],
  "check_results": null
}
